// !$*UTF8*$!
{
	archiveVersion = 1;
	classes = {
	};
	objectVersion = 55;
	objects = {

/* Begin PBXBuildFile section */
		5A8AFC5B28725EBA00A863C8 /* Text_MeeApp.swift in Sources */ = {isa = PBXBuildFile; fileRef = 5A8AFC5A28725EBA00A863C8 /* Text_MeeApp.swift */; };
		5A8AFC5D28725EBA00A863C8 /* ContentView.swift in Sources */ = {isa = PBXBuildFile; fileRef = 5A8AFC5C28725EBA00A863C8 /* ContentView.swift */; };
		5A8AFC5F28725EBC00A863C8 /* Assets.xcassets in Resources */ = {isa = PBXBuildFile; fileRef = 5A8AFC5E28725EBC00A863C8 /* Assets.xcassets */; };
		5A8AFC6228725EBC00A863C8 /* Preview Assets.xcassets in Resources */ = {isa = PBXBuildFile; fileRef = 5A8AFC6128725EBC00A863C8 /* Preview Assets.xcassets */; };
		5A8AFC6428725EBC00A863C8 /* Persistence.swift in Sources */ = {isa = PBXBuildFile; fileRef = 5A8AFC6328725EBC00A863C8 /* Persistence.swift */; };
		5A8AFC6728725EBC00A863C8 /* Text_Mee.xcdatamodeld in Sources */ = {isa = PBXBuildFile; fileRef = 5A8AFC6528725EBC00A863C8 /* Text_Mee.xcdatamodeld */; };
		5A8AFC7128725EBC00A863C8 /* Text_MeeTests.swift in Sources */ = {isa = PBXBuildFile; fileRef = 5A8AFC7028725EBC00A863C8 /* Text_MeeTests.swift */; };
		5A8AFC7B28725EBC00A863C8 /* Text_MeeUITests.swift in Sources */ = {isa = PBXBuildFile; fileRef = 5A8AFC7A28725EBC00A863C8 /* Text_MeeUITests.swift */; };
		5A8AFC7D28725EBC00A863C8 /* Text_MeeUITestsLaunchTests.swift in Sources */ = {isa = PBXBuildFile; fileRef = 5A8AFC7C28725EBC00A863C8 /* Text_MeeUITestsLaunchTests.swift */; };
		5A8AFCB828726D9300A863C8 /* ChatRow.swift in Sources */ = {isa = PBXBuildFile; fileRef = 5A8AFCB728726D9300A863C8 /* ChatRow.swift */; };
		5A8AFCBA287361C000A863C8 /* ChatModel.swift in Sources */ = {isa = PBXBuildFile; fileRef = 5A8AFCB9287361BF00A863C8 /* ChatModel.swift */; };
		5A8AFCBC2873705900A863C8 /* Date+Helpers.swift in Sources */ = {isa = PBXBuildFile; fileRef = 5A8AFCBB2873705900A863C8 /* Date+Helpers.swift */; };
		5A8AFCBE287388EF00A863C8 /* ChatsViewModel.swift in Sources */ = {isa = PBXBuildFile; fileRef = 5A8AFCBD287388EF00A863C8 /* ChatsViewModel.swift */; };
		5A8AFCC028738F9800A863C8 /* ChatView.swift in Sources */ = {isa = PBXBuildFile; fileRef = 5A8AFCBF28738F9800A863C8 /* ChatView.swift */; };
/* End PBXBuildFile section */

/* Begin PBXContainerItemProxy section */
		5A8AFC6D28725EBC00A863C8 /* PBXContainerItemProxy */ = {
			isa = PBXContainerItemProxy;
			containerPortal = 5A8AFC4F28725EBA00A863C8 /* Project object */;
			proxyType = 1;
			remoteGlobalIDString = 5A8AFC5628725EBA00A863C8;
			remoteInfo = "Text Mee";
		};
		5A8AFC7728725EBC00A863C8 /* PBXContainerItemProxy */ = {
			isa = PBXContainerItemProxy;
			containerPortal = 5A8AFC4F28725EBA00A863C8 /* Project object */;
			proxyType = 1;
			remoteGlobalIDString = 5A8AFC5628725EBA00A863C8;
			remoteInfo = "Text Mee";
		};
/* End PBXContainerItemProxy section */

/* Begin PBXFileReference section */
		5A8AFC5728725EBA00A863C8 /* Text Mee.app */ = {isa = PBXFileReference; explicitFileType = wrapper.application; includeInIndex = 0; path = "Text Mee.app"; sourceTree = BUILT_PRODUCTS_DIR; };
		5A8AFC5A28725EBA00A863C8 /* Text_MeeApp.swift */ = {isa = PBXFileReference; lastKnownFileType = sourcecode.swift; path = Text_MeeApp.swift; sourceTree = "<group>"; };
		5A8AFC5C28725EBA00A863C8 /* ContentView.swift */ = {isa = PBXFileReference; lastKnownFileType = sourcecode.swift; path = ContentView.swift; sourceTree = "<group>"; };
		5A8AFC5E28725EBC00A863C8 /* Assets.xcassets */ = {isa = PBXFileReference; lastKnownFileType = folder.assetcatalog; path = Assets.xcassets; sourceTree = "<group>"; };
		5A8AFC6128725EBC00A863C8 /* Preview Assets.xcassets */ = {isa = PBXFileReference; lastKnownFileType = folder.assetcatalog; path = "Preview Assets.xcassets"; sourceTree = "<group>"; };
		5A8AFC6328725EBC00A863C8 /* Persistence.swift */ = {isa = PBXFileReference; lastKnownFileType = sourcecode.swift; path = Persistence.swift; sourceTree = "<group>"; };
		5A8AFC6628725EBC00A863C8 /* Text_Mee.xcdatamodel */ = {isa = PBXFileReference; lastKnownFileType = wrapper.xcdatamodel; path = Text_Mee.xcdatamodel; sourceTree = "<group>"; };
		5A8AFC6C28725EBC00A863C8 /* Text MeeTests.xctest */ = {isa = PBXFileReference; explicitFileType = wrapper.cfbundle; includeInIndex = 0; path = "Text MeeTests.xctest"; sourceTree = BUILT_PRODUCTS_DIR; };
		5A8AFC7028725EBC00A863C8 /* Text_MeeTests.swift */ = {isa = PBXFileReference; lastKnownFileType = sourcecode.swift; path = Text_MeeTests.swift; sourceTree = "<group>"; };
		5A8AFC7628725EBC00A863C8 /* Text MeeUITests.xctest */ = {isa = PBXFileReference; explicitFileType = wrapper.cfbundle; includeInIndex = 0; path = "Text MeeUITests.xctest"; sourceTree = BUILT_PRODUCTS_DIR; };
		5A8AFC7A28725EBC00A863C8 /* Text_MeeUITests.swift */ = {isa = PBXFileReference; lastKnownFileType = sourcecode.swift; path = Text_MeeUITests.swift; sourceTree = "<group>"; };
		5A8AFC7C28725EBC00A863C8 /* Text_MeeUITestsLaunchTests.swift */ = {isa = PBXFileReference; lastKnownFileType = sourcecode.swift; path = Text_MeeUITestsLaunchTests.swift; sourceTree = "<group>"; };
		5A8AFCB728726D9300A863C8 /* ChatRow.swift */ = {isa = PBXFileReference; lastKnownFileType = sourcecode.swift; path = ChatRow.swift; sourceTree = "<group>"; };
		5A8AFCB9287361BF00A863C8 /* ChatModel.swift */ = {isa = PBXFileReference; lastKnownFileType = sourcecode.swift; path = ChatModel.swift; sourceTree = "<group>"; };
		5A8AFCBB2873705900A863C8 /* Date+Helpers.swift */ = {isa = PBXFileReference; lastKnownFileType = sourcecode.swift; path = "Date+Helpers.swift"; sourceTree = "<group>"; };
		5A8AFCBD287388EF00A863C8 /* ChatsViewModel.swift */ = {isa = PBXFileReference; lastKnownFileType = sourcecode.swift; path = ChatsViewModel.swift; sourceTree = "<group>"; };
		5A8AFCBF28738F9800A863C8 /* ChatView.swift */ = {isa = PBXFileReference; lastKnownFileType = sourcecode.swift; path = ChatView.swift; sourceTree = "<group>"; };
/* End PBXFileReference section */

/* Begin PBXFrameworksBuildPhase section */
		5A8AFC5428725EBA00A863C8 /* Frameworks */ = {
			isa = PBXFrameworksBuildPhase;
			buildActionMask = 2147483647;
			files = (
			);
			runOnlyForDeploymentPostprocessing = 0;
		};
		5A8AFC6928725EBC00A863C8 /* Frameworks */ = {
			isa = PBXFrameworksBuildPhase;
			buildActionMask = 2147483647;
			files = (
			);
			runOnlyForDeploymentPostprocessing = 0;
		};
		5A8AFC7328725EBC00A863C8 /* Frameworks */ = {
			isa = PBXFrameworksBuildPhase;
			buildActionMask = 2147483647;
			files = (
			);
			runOnlyForDeploymentPostprocessing = 0;
		};
/* End PBXFrameworksBuildPhase section */

/* Begin PBXGroup section */
		5A8AFC4E28725EBA00A863C8 = {
			isa = PBXGroup;
			children = (
				5A8AFC5928725EBA00A863C8 /* Text Mee */,
				5A8AFC6F28725EBC00A863C8 /* Text MeeTests */,
				5A8AFC7928725EBC00A863C8 /* Text MeeUITests */,
				5A8AFC5828725EBA00A863C8 /* Products */,
			);
			sourceTree = "<group>";
		};
		5A8AFC5828725EBA00A863C8 /* Products */ = {
			isa = PBXGroup;
			children = (
				5A8AFC5728725EBA00A863C8 /* Text Mee.app */,
				5A8AFC6C28725EBC00A863C8 /* Text MeeTests.xctest */,
				5A8AFC7628725EBC00A863C8 /* Text MeeUITests.xctest */,
			);
			name = Products;
			sourceTree = "<group>";
		};
		5A8AFC5928725EBA00A863C8 /* Text Mee */ = {
			isa = PBXGroup;
			children = (
				5A8AFC8D28725FF000A863C8 /* Resources */,
				5A8AFC8C28725FE000A863C8 /* ViewModels */,
				5A8AFC8B28725FD000A863C8 /* Models */,
				5A8AFC8A28725FC800A863C8 /* Views */,
				5A8AFC5E28725EBC00A863C8 /* Assets.xcassets */,
				5A8AFC5C28725EBA00A863C8 /* ContentView.swift */,
				5A8AFCBF28738F9800A863C8 /* ChatView.swift */,
				5A8AFCBD287388EF00A863C8 /* ChatsViewModel.swift */,
				5A8AFCBB2873705900A863C8 /* Date+Helpers.swift */,
				5A8AFCB9287361BF00A863C8 /* ChatModel.swift */,
				5A8AFCB728726D9300A863C8 /* ChatRow.swift */,
				5A8AFC8928725FB700A863C8 /* Controllers */,
				5A8AFC6328725EBC00A863C8 /* Persistence.swift */,
				5A8AFC6028725EBC00A863C8 /* Preview Content */,
				5A8AFC6528725EBC00A863C8 /* Text_Mee.xcdatamodeld */,
				5A8AFC5A28725EBA00A863C8 /* Text_MeeApp.swift */,
			);
			path = "Text Mee";
			sourceTree = "<group>";
		};
		5A8AFC6028725EBC00A863C8 /* Preview Content */ = {
			isa = PBXGroup;
			children = (
				5A8AFC6128725EBC00A863C8 /* Preview Assets.xcassets */,
			);
			path = "Preview Content";
			sourceTree = "<group>";
		};
		5A8AFC6F28725EBC00A863C8 /* Text MeeTests */ = {
			isa = PBXGroup;
			children = (
				5A8AFC7028725EBC00A863C8 /* Text_MeeTests.swift */,
			);
			path = "Text MeeTests";
			sourceTree = "<group>";
		};
		5A8AFC7928725EBC00A863C8 /* Text MeeUITests */ = {
			isa = PBXGroup;
			children = (
				5A8AFC7A28725EBC00A863C8 /* Text_MeeUITests.swift */,
				5A8AFC7C28725EBC00A863C8 /* Text_MeeUITestsLaunchTests.swift */,
			);
			path = "Text MeeUITests";
			sourceTree = "<group>";
		};
		5A8AFC8928725FB700A863C8 /* Controllers */ = {
			isa = PBXGroup;
			children = (
			);
			path = Controllers;
			sourceTree = "<group>";
		};
		5A8AFC8A28725FC800A863C8 /* Views */ = {
			isa = PBXGroup;
			children = (
			);
			path = Views;
			sourceTree = "<group>";
		};
		5A8AFC8B28725FD000A863C8 /* Models */ = {
			isa = PBXGroup;
			children = (
			);
			path = Models;
			sourceTree = "<group>";
		};
		5A8AFC8C28725FE000A863C8 /* ViewModels */ = {
			isa = PBXGroup;
			children = (
			);
			path = ViewModels;
			sourceTree = "<group>";
		};
		5A8AFC8D28725FF000A863C8 /* Resources */ = {
			isa = PBXGroup;
			children = (
			);
			path = Resources;
			sourceTree = "<group>";
		};
/* End PBXGroup section */

/* Begin PBXNativeTarget section */
		5A8AFC5628725EBA00A863C8 /* Text Mee */ = {
			isa = PBXNativeTarget;
			buildConfigurationList = 5A8AFC8028725EBC00A863C8 /* Build configuration list for PBXNativeTarget "Text Mee" */;
			buildPhases = (
				5A8AFC5328725EBA00A863C8 /* Sources */,
				5A8AFC5428725EBA00A863C8 /* Frameworks */,
				5A8AFC5528725EBA00A863C8 /* Resources */,
			);
			buildRules = (
			);
			dependencies = (
			);
			name = "Text Mee";
			productName = "Text Mee";
			productReference = 5A8AFC5728725EBA00A863C8 /* Text Mee.app */;
			productType = "com.apple.product-type.application";
		};
		5A8AFC6B28725EBC00A863C8 /* Text MeeTests */ = {
			isa = PBXNativeTarget;
			buildConfigurationList = 5A8AFC8328725EBC00A863C8 /* Build configuration list for PBXNativeTarget "Text MeeTests" */;
			buildPhases = (
				5A8AFC6828725EBC00A863C8 /* Sources */,
				5A8AFC6928725EBC00A863C8 /* Frameworks */,
				5A8AFC6A28725EBC00A863C8 /* Resources */,
			);
			buildRules = (
			);
			dependencies = (
				5A8AFC6E28725EBC00A863C8 /* PBXTargetDependency */,
			);
			name = "Text MeeTests";
			productName = "Text MeeTests";
			productReference = 5A8AFC6C28725EBC00A863C8 /* Text MeeTests.xctest */;
			productType = "com.apple.product-type.bundle.unit-test";
		};
		5A8AFC7528725EBC00A863C8 /* Text MeeUITests */ = {
			isa = PBXNativeTarget;
			buildConfigurationList = 5A8AFC8628725EBC00A863C8 /* Build configuration list for PBXNativeTarget "Text MeeUITests" */;
			buildPhases = (
				5A8AFC7228725EBC00A863C8 /* Sources */,
				5A8AFC7328725EBC00A863C8 /* Frameworks */,
				5A8AFC7428725EBC00A863C8 /* Resources */,
			);
			buildRules = (
			);
			dependencies = (
				5A8AFC7828725EBC00A863C8 /* PBXTargetDependency */,
			);
			name = "Text MeeUITests";
			productName = "Text MeeUITests";
			productReference = 5A8AFC7628725EBC00A863C8 /* Text MeeUITests.xctest */;
			productType = "com.apple.product-type.bundle.ui-testing";
		};
/* End PBXNativeTarget section */

/* Begin PBXProject section */
		5A8AFC4F28725EBA00A863C8 /* Project object */ = {
			isa = PBXProject;
			attributes = {
				BuildIndependentTargetsInParallel = 1;
				LastSwiftUpdateCheck = 1340;
				LastUpgradeCheck = 1340;
				TargetAttributes = {
					5A8AFC5628725EBA00A863C8 = {
						CreatedOnToolsVersion = 13.4.1;
					};
					5A8AFC6B28725EBC00A863C8 = {
						CreatedOnToolsVersion = 13.4.1;
						TestTargetID = 5A8AFC5628725EBA00A863C8;
					};
					5A8AFC7528725EBC00A863C8 = {
						CreatedOnToolsVersion = 13.4.1;
						TestTargetID = 5A8AFC5628725EBA00A863C8;
					};
				};
			};
			buildConfigurationList = 5A8AFC5228725EBA00A863C8 /* Build configuration list for PBXProject "Text Mee" */;
			compatibilityVersion = "Xcode 13.0";
			developmentRegion = en;
			hasScannedForEncodings = 0;
			knownRegions = (
				en,
				Base,
			);
			mainGroup = 5A8AFC4E28725EBA00A863C8;
			productRefGroup = 5A8AFC5828725EBA00A863C8 /* Products */;
			projectDirPath = "";
			projectRoot = "";
			targets = (
				5A8AFC5628725EBA00A863C8 /* Text Mee */,
				5A8AFC6B28725EBC00A863C8 /* Text MeeTests */,
				5A8AFC7528725EBC00A863C8 /* Text MeeUITests */,
			);
		};
/* End PBXProject section */

/* Begin PBXResourcesBuildPhase section */
		5A8AFC5528725EBA00A863C8 /* Resources */ = {
			isa = PBXResourcesBuildPhase;
			buildActionMask = 2147483647;
			files = (
				5A8AFC6228725EBC00A863C8 /* Preview Assets.xcassets in Resources */,
				5A8AFC5F28725EBC00A863C8 /* Assets.xcassets in Resources */,
			);
			runOnlyForDeploymentPostprocessing = 0;
		};
		5A8AFC6A28725EBC00A863C8 /* Resources */ = {
			isa = PBXResourcesBuildPhase;
			buildActionMask = 2147483647;
			files = (
			);
			runOnlyForDeploymentPostprocessing = 0;
		};
		5A8AFC7428725EBC00A863C8 /* Resources */ = {
			isa = PBXResourcesBuildPhase;
			buildActionMask = 2147483647;
			files = (
			);
			runOnlyForDeploymentPostprocessing = 0;
		};
/* End PBXResourcesBuildPhase section */

/* Begin PBXSourcesBuildPhase section */
		5A8AFC5328725EBA00A863C8 /* Sources */ = {
			isa = PBXSourcesBuildPhase;
			buildActionMask = 2147483647;
			files = (
				5A8AFC6728725EBC00A863C8 /* Text_Mee.xcdatamodeld in Sources */,
				5A8AFC6428725EBC00A863C8 /* Persistence.swift in Sources */,
				5A8AFCBC2873705900A863C8 /* Date+Helpers.swift in Sources */,
				5A8AFC5D28725EBA00A863C8 /* ContentView.swift in Sources */,
				5A8AFCC028738F9800A863C8 /* ChatView.swift in Sources */,
				5A8AFCB828726D9300A863C8 /* ChatRow.swift in Sources */,
				5A8AFC5B28725EBA00A863C8 /* Text_MeeApp.swift in Sources */,
				5A8AFCBE287388EF00A863C8 /* ChatsViewModel.swift in Sources */,
				5A8AFCBA287361C000A863C8 /* ChatModel.swift in Sources */,
			);
			runOnlyForDeploymentPostprocessing = 0;
		};
		5A8AFC6828725EBC00A863C8 /* Sources */ = {
			isa = PBXSourcesBuildPhase;
			buildActionMask = 2147483647;
			files = (
				5A8AFC7128725EBC00A863C8 /* Text_MeeTests.swift in Sources */,
			);
			runOnlyForDeploymentPostprocessing = 0;
		};
		5A8AFC7228725EBC00A863C8 /* Sources */ = {
			isa = PBXSourcesBuildPhase;
			buildActionMask = 2147483647;
			files = (
				5A8AFC7D28725EBC00A863C8 /* Text_MeeUITestsLaunchTests.swift in Sources */,
				5A8AFC7B28725EBC00A863C8 /* Text_MeeUITests.swift in Sources */,
			);
			runOnlyForDeploymentPostprocessing = 0;
		};
/* End PBXSourcesBuildPhase section */

/* Begin PBXTargetDependency section */
		5A8AFC6E28725EBC00A863C8 /* PBXTargetDependency */ = {
			isa = PBXTargetDependency;
			target = 5A8AFC5628725EBA00A863C8 /* Text Mee */;
			targetProxy = 5A8AFC6D28725EBC00A863C8 /* PBXContainerItemProxy */;
		};
		5A8AFC7828725EBC00A863C8 /* PBXTargetDependency */ = {
			isa = PBXTargetDependency;
			target = 5A8AFC5628725EBA00A863C8 /* Text Mee */;
			targetProxy = 5A8AFC7728725EBC00A863C8 /* PBXContainerItemProxy */;
		};
/* End PBXTargetDependency section */

/* Begin XCBuildConfiguration section */
		5A8AFC7E28725EBC00A863C8 /* Debug */ = {
			isa = XCBuildConfiguration;
			buildSettings = {
				ALWAYS_SEARCH_USER_PATHS = NO;
				CLANG_ANALYZER_NONNULL = YES;
				CLANG_ANALYZER_NUMBER_OBJECT_CONVERSION = YES_AGGRESSIVE;
				CLANG_CXX_LANGUAGE_STANDARD = "gnu++17";
				CLANG_ENABLE_MODULES = YES;
				CLANG_ENABLE_OBJC_ARC = YES;
				CLANG_ENABLE_OBJC_WEAK = YES;
				CLANG_WARN_BLOCK_CAPTURE_AUTORELEASING = YES;
				CLANG_WARN_BOOL_CONVERSION = YES;
				CLANG_WARN_COMMA = YES;
				CLANG_WARN_CONSTANT_CONVERSION = YES;
				CLANG_WARN_DEPRECATED_OBJC_IMPLEMENTATIONS = YES;
				CLANG_WARN_DIRECT_OBJC_ISA_USAGE = YES_ERROR;
				CLANG_WARN_DOCUMENTATION_COMMENTS = YES;
				CLANG_WARN_EMPTY_BODY = YES;
				CLANG_WARN_ENUM_CONVERSION = YES;
				CLANG_WARN_INFINITE_RECURSION = YES;
				CLANG_WARN_INT_CONVERSION = YES;
				CLANG_WARN_NON_LITERAL_NULL_CONVERSION = YES;
				CLANG_WARN_OBJC_IMPLICIT_RETAIN_SELF = YES;
				CLANG_WARN_OBJC_LITERAL_CONVERSION = YES;
				CLANG_WARN_OBJC_ROOT_CLASS = YES_ERROR;
				CLANG_WARN_QUOTED_INCLUDE_IN_FRAMEWORK_HEADER = YES;
				CLANG_WARN_RANGE_LOOP_ANALYSIS = YES;
				CLANG_WARN_STRICT_PROTOTYPES = YES;
				CLANG_WARN_SUSPICIOUS_MOVE = YES;
				CLANG_WARN_UNGUARDED_AVAILABILITY = YES_AGGRESSIVE;
				CLANG_WARN_UNREACHABLE_CODE = YES;
				CLANG_WARN__DUPLICATE_METHOD_MATCH = YES;
				COPY_PHASE_STRIP = NO;
				DEBUG_INFORMATION_FORMAT = dwarf;
				ENABLE_STRICT_OBJC_MSGSEND = YES;
				ENABLE_TESTABILITY = YES;
				GCC_C_LANGUAGE_STANDARD = gnu11;
				GCC_DYNAMIC_NO_PIC = NO;
				GCC_NO_COMMON_BLOCKS = YES;
				GCC_OPTIMIZATION_LEVEL = 0;
				GCC_PREPROCESSOR_DEFINITIONS = (
					"DEBUG=1",
					"$(inherited)",
				);
				GCC_WARN_64_TO_32_BIT_CONVERSION = YES;
				GCC_WARN_ABOUT_RETURN_TYPE = YES_ERROR;
				GCC_WARN_UNDECLARED_SELECTOR = YES;
				GCC_WARN_UNINITIALIZED_AUTOS = YES_AGGRESSIVE;
				GCC_WARN_UNUSED_FUNCTION = YES;
				GCC_WARN_UNUSED_VARIABLE = YES;
				IPHONEOS_DEPLOYMENT_TARGET = 15.5;
				MTL_ENABLE_DEBUG_INFO = INCLUDE_SOURCE;
				MTL_FAST_MATH = YES;
				ONLY_ACTIVE_ARCH = YES;
				SDKROOT = iphoneos;
				SWIFT_ACTIVE_COMPILATION_CONDITIONS = DEBUG;
				SWIFT_OPTIMIZATION_LEVEL = "-Onone";
			};
			name = Debug;
		};
		5A8AFC7F28725EBC00A863C8 /* Release */ = {
			isa = XCBuildConfiguration;
			buildSettings = {
				ALWAYS_SEARCH_USER_PATHS = NO;
				CLANG_ANALYZER_NONNULL = YES;
				CLANG_ANALYZER_NUMBER_OBJECT_CONVERSION = YES_AGGRESSIVE;
				CLANG_CXX_LANGUAGE_STANDARD = "gnu++17";
				CLANG_ENABLE_MODULES = YES;
				CLANG_ENABLE_OBJC_ARC = YES;
				CLANG_ENABLE_OBJC_WEAK = YES;
				CLANG_WARN_BLOCK_CAPTURE_AUTORELEASING = YES;
				CLANG_WARN_BOOL_CONVERSION = YES;
				CLANG_WARN_COMMA = YES;
				CLANG_WARN_CONSTANT_CONVERSION = YES;
				CLANG_WARN_DEPRECATED_OBJC_IMPLEMENTATIONS = YES;
				CLANG_WARN_DIRECT_OBJC_ISA_USAGE = YES_ERROR;
				CLANG_WARN_DOCUMENTATION_COMMENTS = YES;
				CLANG_WARN_EMPTY_BODY = YES;
				CLANG_WARN_ENUM_CONVERSION = YES;
				CLANG_WARN_INFINITE_RECURSION = YES;
				CLANG_WARN_INT_CONVERSION = YES;
				CLANG_WARN_NON_LITERAL_NULL_CONVERSION = YES;
				CLANG_WARN_OBJC_IMPLICIT_RETAIN_SELF = YES;
				CLANG_WARN_OBJC_LITERAL_CONVERSION = YES;
				CLANG_WARN_OBJC_ROOT_CLASS = YES_ERROR;
				CLANG_WARN_QUOTED_INCLUDE_IN_FRAMEWORK_HEADER = YES;
				CLANG_WARN_RANGE_LOOP_ANALYSIS = YES;
				CLANG_WARN_STRICT_PROTOTYPES = YES;
				CLANG_WARN_SUSPICIOUS_MOVE = YES;
				CLANG_WARN_UNGUARDED_AVAILABILITY = YES_AGGRESSIVE;
				CLANG_WARN_UNREACHABLE_CODE = YES;
				CLANG_WARN__DUPLICATE_METHOD_MATCH = YES;
				COPY_PHASE_STRIP = NO;
				DEBUG_INFORMATION_FORMAT = "dwarf-with-dsym";
				ENABLE_NS_ASSERTIONS = NO;
				ENABLE_STRICT_OBJC_MSGSEND = YES;
				GCC_C_LANGUAGE_STANDARD = gnu11;
				GCC_NO_COMMON_BLOCKS = YES;
				GCC_WARN_64_TO_32_BIT_CONVERSION = YES;
				GCC_WARN_ABOUT_RETURN_TYPE = YES_ERROR;
				GCC_WARN_UNDECLARED_SELECTOR = YES;
				GCC_WARN_UNINITIALIZED_AUTOS = YES_AGGRESSIVE;
				GCC_WARN_UNUSED_FUNCTION = YES;
				GCC_WARN_UNUSED_VARIABLE = YES;
				IPHONEOS_DEPLOYMENT_TARGET = 15.5;
				MTL_ENABLE_DEBUG_INFO = NO;
				MTL_FAST_MATH = YES;
				SDKROOT = iphoneos;
				SWIFT_COMPILATION_MODE = wholemodule;
				SWIFT_OPTIMIZATION_LEVEL = "-O";
				VALIDATE_PRODUCT = YES;
			};
			name = Release;
		};
		5A8AFC8128725EBC00A863C8 /* Debug */ = {
			isa = XCBuildConfiguration;
			buildSettings = {
				ASSETCATALOG_COMPILER_APPICON_NAME = AppIcon;
				ASSETCATALOG_COMPILER_GLOBAL_ACCENT_COLOR_NAME = AccentColor;
				CODE_SIGN_STYLE = Automatic;
				CURRENT_PROJECT_VERSION = 1;
				DEVELOPMENT_ASSET_PATHS = "\"Text Mee/Preview Content\"";
				ENABLE_PREVIEWS = YES;
				GENERATE_INFOPLIST_FILE = YES;
				INFOPLIST_KEY_UIApplicationSceneManifest_Generation = YES;
				INFOPLIST_KEY_UIApplicationSupportsIndirectInputEvents = YES;
				INFOPLIST_KEY_UILaunchScreen_Generation = YES;
				INFOPLIST_KEY_UISupportedInterfaceOrientations = UIInterfaceOrientationPortrait;
				INFOPLIST_KEY_UISupportedInterfaceOrientations_iPad = "UIInterfaceOrientationPortrait UIInterfaceOrientationPortraitUpsideDown UIInterfaceOrientationLandscapeLeft UIInterfaceOrientationLandscapeRight";
				INFOPLIST_KEY_UISupportedInterfaceOrientations_iPhone = "UIInterfaceOrientationPortrait UIInterfaceOrientationLandscapeLeft UIInterfaceOrientationLandscapeRight";
				LD_RUNPATH_SEARCH_PATHS = (
					"$(inherited)",
					"@executable_path/Frameworks",
				);
				MARKETING_VERSION = 1.0;
				PRODUCT_BUNDLE_IDENTIFIER = "Abhirath.Text-Mee";
				PRODUCT_NAME = "$(TARGET_NAME)";
				SWIFT_EMIT_LOC_STRINGS = YES;
				SWIFT_VERSION = 5.0;
				TARGETED_DEVICE_FAMILY = "1,2";
			};
			name = Debug;
		};
		5A8AFC8228725EBC00A863C8 /* Release */ = {
			isa = XCBuildConfiguration;
			buildSettings = {
				ASSETCATALOG_COMPILER_APPICON_NAME = AppIcon;
				ASSETCATALOG_COMPILER_GLOBAL_ACCENT_COLOR_NAME = AccentColor;
				CODE_SIGN_STYLE = Automatic;
				CURRENT_PROJECT_VERSION = 1;
				DEVELOPMENT_ASSET_PATHS = "\"Text Mee/Preview Content\"";
				ENABLE_PREVIEWS = YES;
				GENERATE_INFOPLIST_FILE = YES;
				INFOPLIST_KEY_UIApplicationSceneManifest_Generation = YES;
				INFOPLIST_KEY_UIApplicationSupportsIndirectInputEvents = YES;
				INFOPLIST_KEY_UILaunchScreen_Generation = YES;
				INFOPLIST_KEY_UISupportedInterfaceOrientations = UIInterfaceOrientationPortrait;
				INFOPLIST_KEY_UISupportedInterfaceOrientations_iPad = "UIInterfaceOrientationPortrait UIInterfaceOrientationPortraitUpsideDown UIInterfaceOrientationLandscapeLeft UIInterfaceOrientationLandscapeRight";
				INFOPLIST_KEY_UISupportedInterfaceOrientations_iPhone = "UIInterfaceOrientationPortrait UIInterfaceOrientationLandscapeLeft UIInterfaceOrientationLandscapeRight";
				LD_RUNPATH_SEARCH_PATHS = (
					"$(inherited)",
					"@executable_path/Frameworks",
				);
				MARKETING_VERSION = 1.0;
				PRODUCT_BUNDLE_IDENTIFIER = "Abhirath.Text-Mee";
				PRODUCT_NAME = "$(TARGET_NAME)";
				SWIFT_EMIT_LOC_STRINGS = YES;
				SWIFT_VERSION = 5.0;
				TARGETED_DEVICE_FAMILY = "1,2";
			};
			name = Release;
		};
		5A8AFC8428725EBC00A863C8 /* Debug */ = {
			isa = XCBuildConfiguration;
			buildSettings = {
				ALWAYS_EMBED_SWIFT_STANDARD_LIBRARIES = YES;
				BUNDLE_LOADER = "$(TEST_HOST)";
				CODE_SIGN_STYLE = Automatic;
				CURRENT_PROJECT_VERSION = 1;
				GENERATE_INFOPLIST_FILE = YES;
				IPHONEOS_DEPLOYMENT_TARGET = 15.5;
				MARKETING_VERSION = 1.0;
				PRODUCT_BUNDLE_IDENTIFIER = "Abhirath.Text-MeeTests";
				PRODUCT_NAME = "$(TARGET_NAME)";
				SWIFT_EMIT_LOC_STRINGS = NO;
				SWIFT_VERSION = 5.0;
				TARGETED_DEVICE_FAMILY = "1,2";
				TEST_HOST = "$(BUILT_PRODUCTS_DIR)/Text Mee.app/Text Mee";
			};
			name = Debug;
		};
		5A8AFC8528725EBC00A863C8 /* Release */ = {
			isa = XCBuildConfiguration;
			buildSettings = {
				ALWAYS_EMBED_SWIFT_STANDARD_LIBRARIES = YES;
				BUNDLE_LOADER = "$(TEST_HOST)";
				CODE_SIGN_STYLE = Automatic;
				CURRENT_PROJECT_VERSION = 1;
				GENERATE_INFOPLIST_FILE = YES;
				IPHONEOS_DEPLOYMENT_TARGET = 15.5;
				MARKETING_VERSION = 1.0;
				PRODUCT_BUNDLE_IDENTIFIER = "Abhirath.Text-MeeTests";
				PRODUCT_NAME = "$(TARGET_NAME)";
				SWIFT_EMIT_LOC_STRINGS = NO;
				SWIFT_VERSION = 5.0;
				TARGETED_DEVICE_FAMILY = "1,2";
				TEST_HOST = "$(BUILT_PRODUCTS_DIR)/Text Mee.app/Text Mee";
			};
			name = Release;
		};
		5A8AFC8728725EBC00A863C8 /* Debug */ = {
			isa = XCBuildConfiguration;
			buildSettings = {
				ALWAYS_EMBED_SWIFT_STANDARD_LIBRARIES = YES;
				CODE_SIGN_STYLE = Automatic;
				CURRENT_PROJECT_VERSION = 1;
				GENERATE_INFOPLIST_FILE = YES;
				MARKETING_VERSION = 1.0;
				PRODUCT_BUNDLE_IDENTIFIER = "Abhirath.Text-MeeUITests";
				PRODUCT_NAME = "$(TARGET_NAME)";
				SWIFT_EMIT_LOC_STRINGS = NO;
				SWIFT_VERSION = 5.0;
				TARGETED_DEVICE_FAMILY = "1,2";
				TEST_TARGET_NAME = "Text Mee";
			};
			name = Debug;
		};
		5A8AFC8828725EBC00A863C8 /* Release */ = {
			isa = XCBuildConfiguration;
			buildSettings = {
				ALWAYS_EMBED_SWIFT_STANDARD_LIBRARIES = YES;
				CODE_SIGN_STYLE = Automatic;
				CURRENT_PROJECT_VERSION = 1;
				GENERATE_INFOPLIST_FILE = YES;
				MARKETING_VERSION = 1.0;
				PRODUCT_BUNDLE_IDENTIFIER = "Abhirath.Text-MeeUITests";
				PRODUCT_NAME = "$(TARGET_NAME)";
				SWIFT_EMIT_LOC_STRINGS = NO;
				SWIFT_VERSION = 5.0;
				TARGETED_DEVICE_FAMILY = "1,2";
				TEST_TARGET_NAME = "Text Mee";
			};
			name = Release;
		};
/* End XCBuildConfiguration section */

/* Begin XCConfigurationList section */
		5A8AFC5228725EBA00A863C8 /* Build configuration list for PBXProject "Text Mee" */ = {
			isa = XCConfigurationList;
			buildConfigurations = (
				5A8AFC7E28725EBC00A863C8 /* Debug */,
				5A8AFC7F28725EBC00A863C8 /* Release */,
			);
			defaultConfigurationIsVisible = 0;
			defaultConfigurationName = Release;
		};
		5A8AFC8028725EBC00A863C8 /* Build configuration list for PBXNativeTarget "Text Mee" */ = {
			isa = XCConfigurationList;
			buildConfigurations = (
				5A8AFC8128725EBC00A863C8 /* Debug */,
				5A8AFC8228725EBC00A863C8 /* Release */,
			);
			defaultConfigurationIsVisible = 0;
			defaultConfigurationName = Release;
		};
		5A8AFC8328725EBC00A863C8 /* Build configuration list for PBXNativeTarget "Text MeeTests" */ = {
			isa = XCConfigurationList;
			buildConfigurations = (
				5A8AFC8428725EBC00A863C8 /* Debug */,
				5A8AFC8528725EBC00A863C8 /* Release */,
			);
			defaultConfigurationIsVisible = 0;
			defaultConfigurationName = Release;
		};
		5A8AFC8628725EBC00A863C8 /* Build configuration list for PBXNativeTarget "Text MeeUITests" */ = {
			isa = XCConfigurationList;
			buildConfigurations = (
				5A8AFC8728725EBC00A863C8 /* Debug */,
				5A8AFC8828725EBC00A863C8 /* Release */,
			);
			defaultConfigurationIsVisible = 0;
			defaultConfigurationName = Release;
		};
/* End XCConfigurationList section */

/* Begin XCVersionGroup section */
		5A8AFC6528725EBC00A863C8 /* Text_Mee.xcdatamodeld */ = {
			isa = XCVersionGroup;
			children = (
				5A8AFC6628725EBC00A863C8 /* Text_Mee.xcdatamodel */,
			);
			currentVersion = 5A8AFC6628725EBC00A863C8 /* Text_Mee.xcdatamodel */;
			path = Text_Mee.xcdatamodeld;
			sourceTree = "<group>";
			versionGroupType = wrapper.xcdatamodel;
		};
/* End XCVersionGroup section */
	};
	rootObject = 5A8AFC4F28725EBA00A863C8 /* Project object */;
}
