// !$*UTF8*$!
{
	archiveVersion = 1;
	classes = {
	};
	objectVersion = 55;
	objects = {

/* Begin PBXBuildFile section */
		5A8AFC2328725BB800A863C8 /* Tests_iOS.swift in Sources */ = {isa = PBXBuildFile; fileRef = 5A8AFC2228725BB800A863C8 /* Tests_iOS.swift */; };
		5A8AFC2528725BB800A863C8 /* Tests_iOSLaunchTests.swift in Sources */ = {isa = PBXBuildFile; fileRef = 5A8AFC2428725BB800A863C8 /* Tests_iOSLaunchTests.swift */; };
		5A8AFC2F28725BB800A863C8 /* Tests_macOS.swift in Sources */ = {isa = PBXBuildFile; fileRef = 5A8AFC2E28725BB800A863C8 /* Tests_macOS.swift */; };
		5A8AFC3128725BB800A863C8 /* Tests_macOSLaunchTests.swift in Sources */ = {isa = PBXBuildFile; fileRef = 5A8AFC3028725BB800A863C8 /* Tests_macOSLaunchTests.swift */; };
		5A8AFC3228725BB800A863C8 /* Text_Me.xcdatamodeld in Sources */ = {isa = PBXBuildFile; fileRef = 5A8AFC0728725BB400A863C8 /* Text_Me.xcdatamodeld */; };
		5A8AFC3328725BB800A863C8 /* Text_Me.xcdatamodeld in Sources */ = {isa = PBXBuildFile; fileRef = 5A8AFC0728725BB400A863C8 /* Text_Me.xcdatamodeld */; };
		5A8AFC3428725BB800A863C8 /* Text_MeApp.swift in Sources */ = {isa = PBXBuildFile; fileRef = 5A8AFC0928725BB400A863C8 /* Text_MeApp.swift */; };
		5A8AFC3528725BB800A863C8 /* Text_MeApp.swift in Sources */ = {isa = PBXBuildFile; fileRef = 5A8AFC0928725BB400A863C8 /* Text_MeApp.swift */; };
		5A8AFC3628725BB800A863C8 /* ContentView.swift in Sources */ = {isa = PBXBuildFile; fileRef = 5A8AFC0A28725BB400A863C8 /* ContentView.swift */; };
		5A8AFC3728725BB800A863C8 /* ContentView.swift in Sources */ = {isa = PBXBuildFile; fileRef = 5A8AFC0A28725BB400A863C8 /* ContentView.swift */; };
		5A8AFC3828725BB800A863C8 /* Persistence.swift in Sources */ = {isa = PBXBuildFile; fileRef = 5A8AFC0B28725BB400A863C8 /* Persistence.swift */; };
		5A8AFC3928725BB800A863C8 /* Persistence.swift in Sources */ = {isa = PBXBuildFile; fileRef = 5A8AFC0B28725BB400A863C8 /* Persistence.swift */; };
		5A8AFC3A28725BB800A863C8 /* Assets.xcassets in Resources */ = {isa = PBXBuildFile; fileRef = 5A8AFC0C28725BB800A863C8 /* Assets.xcassets */; };
		5A8AFC3B28725BB800A863C8 /* Assets.xcassets in Resources */ = {isa = PBXBuildFile; fileRef = 5A8AFC0C28725BB800A863C8 /* Assets.xcassets */; };
/* End PBXBuildFile section */

/* Begin PBXContainerItemProxy section */
		5A8AFC1F28725BB800A863C8 /* PBXContainerItemProxy */ = {
			isa = PBXContainerItemProxy;
			containerPortal = 5A8AFC0228725BB400A863C8 /* Project object */;
			proxyType = 1;
			remoteGlobalIDString = 5A8AFC1028725BB800A863C8;
			remoteInfo = "Text Me (iOS)";
		};
		5A8AFC2B28725BB800A863C8 /* PBXContainerItemProxy */ = {
			isa = PBXContainerItemProxy;
			containerPortal = 5A8AFC0228725BB400A863C8 /* Project object */;
			proxyType = 1;
			remoteGlobalIDString = 5A8AFC1628725BB800A863C8;
			remoteInfo = "Text Me (macOS)";
		};
/* End PBXContainerItemProxy section */

/* Begin PBXFileReference section */
		5A8AFC0828725BB400A863C8 /* Shared.xcdatamodel */ = {isa = PBXFileReference; lastKnownFileType = wrapper.xcdatamodel; path = Shared.xcdatamodel; sourceTree = "<group>"; };
		5A8AFC0928725BB400A863C8 /* Text_MeApp.swift */ = {isa = PBXFileReference; lastKnownFileType = sourcecode.swift; path = Text_MeApp.swift; sourceTree = "<group>"; };
		5A8AFC0A28725BB400A863C8 /* ContentView.swift */ = {isa = PBXFileReference; lastKnownFileType = sourcecode.swift; path = ContentView.swift; sourceTree = "<group>"; };
		5A8AFC0B28725BB400A863C8 /* Persistence.swift */ = {isa = PBXFileReference; lastKnownFileType = sourcecode.swift; path = Persistence.swift; sourceTree = "<group>"; };
		5A8AFC0C28725BB800A863C8 /* Assets.xcassets */ = {isa = PBXFileReference; lastKnownFileType = folder.assetcatalog; path = Assets.xcassets; sourceTree = "<group>"; };
		5A8AFC1128725BB800A863C8 /* Text Me.app */ = {isa = PBXFileReference; explicitFileType = wrapper.application; includeInIndex = 0; path = "Text Me.app"; sourceTree = BUILT_PRODUCTS_DIR; };
		5A8AFC1728725BB800A863C8 /* Text Me.app */ = {isa = PBXFileReference; explicitFileType = wrapper.application; includeInIndex = 0; path = "Text Me.app"; sourceTree = BUILT_PRODUCTS_DIR; };
		5A8AFC1928725BB800A863C8 /* macOS.entitlements */ = {isa = PBXFileReference; lastKnownFileType = text.plist.entitlements; path = macOS.entitlements; sourceTree = "<group>"; };
		5A8AFC1E28725BB800A863C8 /* Tests iOS.xctest */ = {isa = PBXFileReference; explicitFileType = wrapper.cfbundle; includeInIndex = 0; path = "Tests iOS.xctest"; sourceTree = BUILT_PRODUCTS_DIR; };
		5A8AFC2228725BB800A863C8 /* Tests_iOS.swift */ = {isa = PBXFileReference; lastKnownFileType = sourcecode.swift; path = Tests_iOS.swift; sourceTree = "<group>"; };
		5A8AFC2428725BB800A863C8 /* Tests_iOSLaunchTests.swift */ = {isa = PBXFileReference; lastKnownFileType = sourcecode.swift; path = Tests_iOSLaunchTests.swift; sourceTree = "<group>"; };
		5A8AFC2A28725BB800A863C8 /* Tests macOS.xctest */ = {isa = PBXFileReference; explicitFileType = wrapper.cfbundle; includeInIndex = 0; path = "Tests macOS.xctest"; sourceTree = BUILT_PRODUCTS_DIR; };
		5A8AFC2E28725BB800A863C8 /* Tests_macOS.swift */ = {isa = PBXFileReference; lastKnownFileType = sourcecode.swift; path = Tests_macOS.swift; sourceTree = "<group>"; };
		5A8AFC3028725BB800A863C8 /* Tests_macOSLaunchTests.swift */ = {isa = PBXFileReference; lastKnownFileType = sourcecode.swift; path = Tests_macOSLaunchTests.swift; sourceTree = "<group>"; };
/* End PBXFileReference section */

/* Begin PBXFrameworksBuildPhase section */
		5A8AFC0E28725BB800A863C8 /* Frameworks */ = {
			isa = PBXFrameworksBuildPhase;
			buildActionMask = 2147483647;
			files = (
			);
			runOnlyForDeploymentPostprocessing = 0;
		};
		5A8AFC1428725BB800A863C8 /* Frameworks */ = {
			isa = PBXFrameworksBuildPhase;
			buildActionMask = 2147483647;
			files = (
			);
			runOnlyForDeploymentPostprocessing = 0;
		};
		5A8AFC1B28725BB800A863C8 /* Frameworks */ = {
			isa = PBXFrameworksBuildPhase;
			buildActionMask = 2147483647;
			files = (
			);
			runOnlyForDeploymentPostprocessing = 0;
		};
		5A8AFC2728725BB800A863C8 /* Frameworks */ = {
			isa = PBXFrameworksBuildPhase;
			buildActionMask = 2147483647;
			files = (
			);
			runOnlyForDeploymentPostprocessing = 0;
		};
/* End PBXFrameworksBuildPhase section */

/* Begin PBXGroup section */
		5A8AFC0128725BB400A863C8 = {
			isa = PBXGroup;
			children = (
				5A8AFC0628725BB400A863C8 /* Shared */,
				5A8AFC1828725BB800A863C8 /* macOS */,
				5A8AFC2128725BB800A863C8 /* Tests iOS */,
				5A8AFC2D28725BB800A863C8 /* Tests macOS */,
				5A8AFC1228725BB800A863C8 /* Products */,
			);
			sourceTree = "<group>";
		};
		5A8AFC0628725BB400A863C8 /* Shared */ = {
			isa = PBXGroup;
			children = (
				5A8AFC4D28725E2F00A863C8 /* ViewModels */,
				5A8AFC4C28725E1D00A863C8 /* Models */,
				5A8AFC4B28725E1400A863C8 /* Views */,
				5A8AFC4A28725E0100A863C8 /* Controllers */,
				5A8AFC0928725BB400A863C8 /* Text_MeApp.swift */,
				5A8AFC0A28725BB400A863C8 /* ContentView.swift */,
				5A8AFC0B28725BB400A863C8 /* Persistence.swift */,
				5A8AFC0C28725BB800A863C8 /* Assets.xcassets */,
				5A8AFC0728725BB400A863C8 /* Text_Me.xcdatamodeld */,
			);
			path = Shared;
			sourceTree = "<group>";
		};
		5A8AFC1228725BB800A863C8 /* Products */ = {
			isa = PBXGroup;
			children = (
				5A8AFC1128725BB800A863C8 /* Text Me.app */,
				5A8AFC1728725BB800A863C8 /* Text Me.app */,
				5A8AFC1E28725BB800A863C8 /* Tests iOS.xctest */,
				5A8AFC2A28725BB800A863C8 /* Tests macOS.xctest */,
			);
			name = Products;
			sourceTree = "<group>";
		};
		5A8AFC1828725BB800A863C8 /* macOS */ = {
			isa = PBXGroup;
			children = (
				5A8AFC1928725BB800A863C8 /* macOS.entitlements */,
			);
			path = macOS;
			sourceTree = "<group>";
		};
		5A8AFC2128725BB800A863C8 /* Tests iOS */ = {
			isa = PBXGroup;
			children = (
				5A8AFC2228725BB800A863C8 /* Tests_iOS.swift */,
				5A8AFC2428725BB800A863C8 /* Tests_iOSLaunchTests.swift */,
			);
			path = "Tests iOS";
			sourceTree = "<group>";
		};
		5A8AFC2D28725BB800A863C8 /* Tests macOS */ = {
			isa = PBXGroup;
			children = (
				5A8AFC2E28725BB800A863C8 /* Tests_macOS.swift */,
				5A8AFC3028725BB800A863C8 /* Tests_macOSLaunchTests.swift */,
			);
			path = "Tests macOS";
			sourceTree = "<group>";
		};
		5A8AFC4A28725E0100A863C8 /* Controllers */ = {
			isa = PBXGroup;
			children = (
			);
			path = Controllers;
			sourceTree = "<group>";
		};
		5A8AFC4B28725E1400A863C8 /* Views */ = {
			isa = PBXGroup;
			children = (
			);
			path = Views;
			sourceTree = "<group>";
		};
		5A8AFC4C28725E1D00A863C8 /* Models */ = {
			isa = PBXGroup;
			children = (
			);
			path = Models;
			sourceTree = "<group>";
		};
		5A8AFC4D28725E2F00A863C8 /* ViewModels */ = {
			isa = PBXGroup;
			children = (
			);
			path = ViewModels;
			sourceTree = "<group>";
		};
/* End PBXGroup section */

/* Begin PBXNativeTarget section */
		5A8AFC1028725BB800A863C8 /* Text Me (iOS) */ = {
			isa = PBXNativeTarget;
			buildConfigurationList = 5A8AFC3E28725BB800A863C8 /* Build configuration list for PBXNativeTarget "Text Me (iOS)" */;
			buildPhases = (
				5A8AFC0D28725BB800A863C8 /* Sources */,
				5A8AFC0E28725BB800A863C8 /* Frameworks */,
				5A8AFC0F28725BB800A863C8 /* Resources */,
			);
			buildRules = (
			);
			dependencies = (
			);
			name = "Text Me (iOS)";
			productName = "Text Me (iOS)";
			productReference = 5A8AFC1128725BB800A863C8 /* Text Me.app */;
			productType = "com.apple.product-type.application";
		};
		5A8AFC1628725BB800A863C8 /* Text Me (macOS) */ = {
			isa = PBXNativeTarget;
			buildConfigurationList = 5A8AFC4128725BB800A863C8 /* Build configuration list for PBXNativeTarget "Text Me (macOS)" */;
			buildPhases = (
				5A8AFC1328725BB800A863C8 /* Sources */,
				5A8AFC1428725BB800A863C8 /* Frameworks */,
				5A8AFC1528725BB800A863C8 /* Resources */,
			);
			buildRules = (
			);
			dependencies = (
			);
			name = "Text Me (macOS)";
			productName = "Text Me (macOS)";
			productReference = 5A8AFC1728725BB800A863C8 /* Text Me.app */;
			productType = "com.apple.product-type.application";
		};
		5A8AFC1D28725BB800A863C8 /* Tests iOS */ = {
			isa = PBXNativeTarget;
			buildConfigurationList = 5A8AFC4428725BB800A863C8 /* Build configuration list for PBXNativeTarget "Tests iOS" */;
			buildPhases = (
				5A8AFC1A28725BB800A863C8 /* Sources */,
				5A8AFC1B28725BB800A863C8 /* Frameworks */,
				5A8AFC1C28725BB800A863C8 /* Resources */,
			);
			buildRules = (
			);
			dependencies = (
				5A8AFC2028725BB800A863C8 /* PBXTargetDependency */,
			);
			name = "Tests iOS";
			productName = "Tests iOS";
			productReference = 5A8AFC1E28725BB800A863C8 /* Tests iOS.xctest */;
			productType = "com.apple.product-type.bundle.ui-testing";
		};
		5A8AFC2928725BB800A863C8 /* Tests macOS */ = {
			isa = PBXNativeTarget;
			buildConfigurationList = 5A8AFC4728725BB800A863C8 /* Build configuration list for PBXNativeTarget "Tests macOS" */;
			buildPhases = (
				5A8AFC2628725BB800A863C8 /* Sources */,
				5A8AFC2728725BB800A863C8 /* Frameworks */,
				5A8AFC2828725BB800A863C8 /* Resources */,
			);
			buildRules = (
			);
			dependencies = (
				5A8AFC2C28725BB800A863C8 /* PBXTargetDependency */,
			);
			name = "Tests macOS";
			productName = "Tests macOS";
			productReference = 5A8AFC2A28725BB800A863C8 /* Tests macOS.xctest */;
			productType = "com.apple.product-type.bundle.ui-testing";
		};
/* End PBXNativeTarget section */

/* Begin PBXProject section */
		5A8AFC0228725BB400A863C8 /* Project object */ = {
			isa = PBXProject;
			attributes = {
				BuildIndependentTargetsInParallel = 1;
				LastSwiftUpdateCheck = 1340;
				LastUpgradeCheck = 1340;
				TargetAttributes = {
					5A8AFC1028725BB800A863C8 = {
						CreatedOnToolsVersion = 13.4.1;
					};
					5A8AFC1628725BB800A863C8 = {
						CreatedOnToolsVersion = 13.4.1;
					};
					5A8AFC1D28725BB800A863C8 = {
						CreatedOnToolsVersion = 13.4.1;
						TestTargetID = 5A8AFC1028725BB800A863C8;
					};
					5A8AFC2928725BB800A863C8 = {
						CreatedOnToolsVersion = 13.4.1;
						TestTargetID = 5A8AFC1628725BB800A863C8;
					};
				};
			};
			buildConfigurationList = 5A8AFC0528725BB400A863C8 /* Build configuration list for PBXProject "Text Me" */;
			compatibilityVersion = "Xcode 13.0";
			developmentRegion = en;
			hasScannedForEncodings = 0;
			knownRegions = (
				en,
				Base,
			);
			mainGroup = 5A8AFC0128725BB400A863C8;
			productRefGroup = 5A8AFC1228725BB800A863C8 /* Products */;
			projectDirPath = "";
			projectRoot = "";
			targets = (
				5A8AFC1028725BB800A863C8 /* Text Me (iOS) */,
				5A8AFC1628725BB800A863C8 /* Text Me (macOS) */,
				5A8AFC1D28725BB800A863C8 /* Tests iOS */,
				5A8AFC2928725BB800A863C8 /* Tests macOS */,
			);
		};
/* End PBXProject section */

/* Begin PBXResourcesBuildPhase section */
		5A8AFC0F28725BB800A863C8 /* Resources */ = {
			isa = PBXResourcesBuildPhase;
			buildActionMask = 2147483647;
			files = (
				5A8AFC3A28725BB800A863C8 /* Assets.xcassets in Resources */,
			);
			runOnlyForDeploymentPostprocessing = 0;
		};
		5A8AFC1528725BB800A863C8 /* Resources */ = {
			isa = PBXResourcesBuildPhase;
			buildActionMask = 2147483647;
			files = (
				5A8AFC3B28725BB800A863C8 /* Assets.xcassets in Resources */,
			);
			runOnlyForDeploymentPostprocessing = 0;
		};
		5A8AFC1C28725BB800A863C8 /* Resources */ = {
			isa = PBXResourcesBuildPhase;
			buildActionMask = 2147483647;
			files = (
			);
			runOnlyForDeploymentPostprocessing = 0;
		};
		5A8AFC2828725BB800A863C8 /* Resources */ = {
			isa = PBXResourcesBuildPhase;
			buildActionMask = 2147483647;
			files = (
			);
			runOnlyForDeploymentPostprocessing = 0;
		};
/* End PBXResourcesBuildPhase section */

/* Begin PBXSourcesBuildPhase section */
		5A8AFC0D28725BB800A863C8 /* Sources */ = {
			isa = PBXSourcesBuildPhase;
			buildActionMask = 2147483647;
			files = (
				5A8AFC3428725BB800A863C8 /* Text_MeApp.swift in Sources */,
				5A8AFC3828725BB800A863C8 /* Persistence.swift in Sources */,
				5A8AFC3228725BB800A863C8 /* Text_Me.xcdatamodeld in Sources */,
				5A8AFC3628725BB800A863C8 /* ContentView.swift in Sources */,
			);
			runOnlyForDeploymentPostprocessing = 0;
		};
		5A8AFC1328725BB800A863C8 /* Sources */ = {
			isa = PBXSourcesBuildPhase;
			buildActionMask = 2147483647;
			files = (
				5A8AFC3528725BB800A863C8 /* Text_MeApp.swift in Sources */,
				5A8AFC3928725BB800A863C8 /* Persistence.swift in Sources */,
				5A8AFC3328725BB800A863C8 /* Text_Me.xcdatamodeld in Sources */,
				5A8AFC3728725BB800A863C8 /* ContentView.swift in Sources */,
			);
			runOnlyForDeploymentPostprocessing = 0;
		};
		5A8AFC1A28725BB800A863C8 /* Sources */ = {
			isa = PBXSourcesBuildPhase;
			buildActionMask = 2147483647;
			files = (
				5A8AFC2528725BB800A863C8 /* Tests_iOSLaunchTests.swift in Sources */,
				5A8AFC2328725BB800A863C8 /* Tests_iOS.swift in Sources */,
			);
			runOnlyForDeploymentPostprocessing = 0;
		};
		5A8AFC2628725BB800A863C8 /* Sources */ = {
			isa = PBXSourcesBuildPhase;
			buildActionMask = 2147483647;
			files = (
				5A8AFC3128725BB800A863C8 /* Tests_macOSLaunchTests.swift in Sources */,
				5A8AFC2F28725BB800A863C8 /* Tests_macOS.swift in Sources */,
			);
			runOnlyForDeploymentPostprocessing = 0;
		};
/* End PBXSourcesBuildPhase section */

/* Begin PBXTargetDependency section */
		5A8AFC2028725BB800A863C8 /* PBXTargetDependency */ = {
			isa = PBXTargetDependency;
			target = 5A8AFC1028725BB800A863C8 /* Text Me (iOS) */;
			targetProxy = 5A8AFC1F28725BB800A863C8 /* PBXContainerItemProxy */;
		};
		5A8AFC2C28725BB800A863C8 /* PBXTargetDependency */ = {
			isa = PBXTargetDependency;
			target = 5A8AFC1628725BB800A863C8 /* Text Me (macOS) */;
			targetProxy = 5A8AFC2B28725BB800A863C8 /* PBXContainerItemProxy */;
		};
/* End PBXTargetDependency section */

/* Begin XCBuildConfiguration section */
		5A8AFC3C28725BB800A863C8 /* Debug */ = {
			isa = XCBuildConfiguration;
			buildSettings = {
				ALWAYS_SEARCH_USER_PATHS = NO;
				CLANG_ANALYZER_NONNULL = YES;
				CLANG_ANALYZER_NUMBER_OBJECT_CONVERSION = YES_AGGRESSIVE;
				CLANG_CXX_LANGUAGE_STANDARD = "gnu++17";
				CLANG_ENABLE_MODULES = YES;
				CLANG_ENABLE_OBJC_ARC = YES;
				CLANG_ENABLE_OBJC_WEAK = YES;
				CLANG_WARN_BLOCK_CAPTURE_AUTORELEASING = YES;
				CLANG_WARN_BOOL_CONVERSION = YES;
				CLANG_WARN_COMMA = YES;
				CLANG_WARN_CONSTANT_CONVERSION = YES;
				CLANG_WARN_DEPRECATED_OBJC_IMPLEMENTATIONS = YES;
				CLANG_WARN_DIRECT_OBJC_ISA_USAGE = YES_ERROR;
				CLANG_WARN_DOCUMENTATION_COMMENTS = YES;
				CLANG_WARN_EMPTY_BODY = YES;
				CLANG_WARN_ENUM_CONVERSION = YES;
				CLANG_WARN_INFINITE_RECURSION = YES;
				CLANG_WARN_INT_CONVERSION = YES;
				CLANG_WARN_NON_LITERAL_NULL_CONVERSION = YES;
				CLANG_WARN_OBJC_IMPLICIT_RETAIN_SELF = YES;
				CLANG_WARN_OBJC_LITERAL_CONVERSION = YES;
				CLANG_WARN_OBJC_ROOT_CLASS = YES_ERROR;
				CLANG_WARN_QUOTED_INCLUDE_IN_FRAMEWORK_HEADER = YES;
				CLANG_WARN_RANGE_LOOP_ANALYSIS = YES;
				CLANG_WARN_STRICT_PROTOTYPES = YES;
				CLANG_WARN_SUSPICIOUS_MOVE = YES;
				CLANG_WARN_UNGUARDED_AVAILABILITY = YES_AGGRESSIVE;
				CLANG_WARN_UNREACHABLE_CODE = YES;
				CLANG_WARN__DUPLICATE_METHOD_MATCH = YES;
				COPY_PHASE_STRIP = NO;
				DEBUG_INFORMATION_FORMAT = dwarf;
				ENABLE_STRICT_OBJC_MSGSEND = YES;
				ENABLE_TESTABILITY = YES;
				GCC_C_LANGUAGE_STANDARD = gnu11;
				GCC_DYNAMIC_NO_PIC = NO;
				GCC_NO_COMMON_BLOCKS = YES;
				GCC_OPTIMIZATION_LEVEL = 0;
				GCC_PREPROCESSOR_DEFINITIONS = (
					"DEBUG=1",
					"$(inherited)",
				);
				GCC_WARN_64_TO_32_BIT_CONVERSION = YES;
				GCC_WARN_ABOUT_RETURN_TYPE = YES_ERROR;
				GCC_WARN_UNDECLARED_SELECTOR = YES;
				GCC_WARN_UNINITIALIZED_AUTOS = YES_AGGRESSIVE;
				GCC_WARN_UNUSED_FUNCTION = YES;
				GCC_WARN_UNUSED_VARIABLE = YES;
				MTL_ENABLE_DEBUG_INFO = INCLUDE_SOURCE;
				MTL_FAST_MATH = YES;
				ONLY_ACTIVE_ARCH = YES;
				SWIFT_ACTIVE_COMPILATION_CONDITIONS = DEBUG;
				SWIFT_OPTIMIZATION_LEVEL = "-Onone";
			};
			name = Debug;
		};
		5A8AFC3D28725BB800A863C8 /* Release */ = {
			isa = XCBuildConfiguration;
			buildSettings = {
				ALWAYS_SEARCH_USER_PATHS = NO;
				CLANG_ANALYZER_NONNULL = YES;
				CLANG_ANALYZER_NUMBER_OBJECT_CONVERSION = YES_AGGRESSIVE;
				CLANG_CXX_LANGUAGE_STANDARD = "gnu++17";
				CLANG_ENABLE_MODULES = YES;
				CLANG_ENABLE_OBJC_ARC = YES;
				CLANG_ENABLE_OBJC_WEAK = YES;
				CLANG_WARN_BLOCK_CAPTURE_AUTORELEASING = YES;
				CLANG_WARN_BOOL_CONVERSION = YES;
				CLANG_WARN_COMMA = YES;
				CLANG_WARN_CONSTANT_CONVERSION = YES;
				CLANG_WARN_DEPRECATED_OBJC_IMPLEMENTATIONS = YES;
				CLANG_WARN_DIRECT_OBJC_ISA_USAGE = YES_ERROR;
				CLANG_WARN_DOCUMENTATION_COMMENTS = YES;
				CLANG_WARN_EMPTY_BODY = YES;
				CLANG_WARN_ENUM_CONVERSION = YES;
				CLANG_WARN_INFINITE_RECURSION = YES;
				CLANG_WARN_INT_CONVERSION = YES;
				CLANG_WARN_NON_LITERAL_NULL_CONVERSION = YES;
				CLANG_WARN_OBJC_IMPLICIT_RETAIN_SELF = YES;
				CLANG_WARN_OBJC_LITERAL_CONVERSION = YES;
				CLANG_WARN_OBJC_ROOT_CLASS = YES_ERROR;
				CLANG_WARN_QUOTED_INCLUDE_IN_FRAMEWORK_HEADER = YES;
				CLANG_WARN_RANGE_LOOP_ANALYSIS = YES;
				CLANG_WARN_STRICT_PROTOTYPES = YES;
				CLANG_WARN_SUSPICIOUS_MOVE = YES;
				CLANG_WARN_UNGUARDED_AVAILABILITY = YES_AGGRESSIVE;
				CLANG_WARN_UNREACHABLE_CODE = YES;
				CLANG_WARN__DUPLICATE_METHOD_MATCH = YES;
				COPY_PHASE_STRIP = NO;
				DEBUG_INFORMATION_FORMAT = "dwarf-with-dsym";
				ENABLE_NS_ASSERTIONS = NO;
				ENABLE_STRICT_OBJC_MSGSEND = YES;
				GCC_C_LANGUAGE_STANDARD = gnu11;
				GCC_NO_COMMON_BLOCKS = YES;
				GCC_WARN_64_TO_32_BIT_CONVERSION = YES;
				GCC_WARN_ABOUT_RETURN_TYPE = YES_ERROR;
				GCC_WARN_UNDECLARED_SELECTOR = YES;
				GCC_WARN_UNINITIALIZED_AUTOS = YES_AGGRESSIVE;
				GCC_WARN_UNUSED_FUNCTION = YES;
				GCC_WARN_UNUSED_VARIABLE = YES;
				MTL_ENABLE_DEBUG_INFO = NO;
				MTL_FAST_MATH = YES;
				SWIFT_COMPILATION_MODE = wholemodule;
				SWIFT_OPTIMIZATION_LEVEL = "-O";
			};
			name = Release;
		};
		5A8AFC3F28725BB800A863C8 /* Debug */ = {
			isa = XCBuildConfiguration;
			buildSettings = {
				ASSETCATALOG_COMPILER_APPICON_NAME = AppIcon;
				ASSETCATALOG_COMPILER_GLOBAL_ACCENT_COLOR_NAME = AccentColor;
				CODE_SIGN_STYLE = Automatic;
				CURRENT_PROJECT_VERSION = 1;
				ENABLE_PREVIEWS = YES;
				GENERATE_INFOPLIST_FILE = YES;
				INFOPLIST_KEY_UIApplicationSceneManifest_Generation = YES;
				INFOPLIST_KEY_UIApplicationSupportsIndirectInputEvents = YES;
				INFOPLIST_KEY_UILaunchScreen_Generation = YES;
				INFOPLIST_KEY_UISupportedInterfaceOrientations_iPad = "UIInterfaceOrientationPortrait UIInterfaceOrientationPortraitUpsideDown UIInterfaceOrientationLandscapeLeft UIInterfaceOrientationLandscapeRight";
				INFOPLIST_KEY_UISupportedInterfaceOrientations_iPhone = "UIInterfaceOrientationPortrait UIInterfaceOrientationLandscapeLeft UIInterfaceOrientationLandscapeRight";
				IPHONEOS_DEPLOYMENT_TARGET = 15.5;
				LD_RUNPATH_SEARCH_PATHS = (
					"$(inherited)",
					"@executable_path/Frameworks",
				);
				MARKETING_VERSION = 1.0;
				PRODUCT_BUNDLE_IDENTIFIER = "Abhirath.Text-Me";
				PRODUCT_NAME = "Text Me";
				SDKROOT = iphoneos;
				SWIFT_EMIT_LOC_STRINGS = YES;
				SWIFT_VERSION = 5.0;
				TARGETED_DEVICE_FAMILY = "1,2";
			};
			name = Debug;
		};
		5A8AFC4028725BB800A863C8 /* Release */ = {
			isa = XCBuildConfiguration;
			buildSettings = {
				ASSETCATALOG_COMPILER_APPICON_NAME = AppIcon;
				ASSETCATALOG_COMPILER_GLOBAL_ACCENT_COLOR_NAME = AccentColor;
				CODE_SIGN_STYLE = Automatic;
				CURRENT_PROJECT_VERSION = 1;
				ENABLE_PREVIEWS = YES;
				GENERATE_INFOPLIST_FILE = YES;
				INFOPLIST_KEY_UIApplicationSceneManifest_Generation = YES;
				INFOPLIST_KEY_UIApplicationSupportsIndirectInputEvents = YES;
				INFOPLIST_KEY_UILaunchScreen_Generation = YES;
				INFOPLIST_KEY_UISupportedInterfaceOrientations_iPad = "UIInterfaceOrientationPortrait UIInterfaceOrientationPortraitUpsideDown UIInterfaceOrientationLandscapeLeft UIInterfaceOrientationLandscapeRight";
				INFOPLIST_KEY_UISupportedInterfaceOrientations_iPhone = "UIInterfaceOrientationPortrait UIInterfaceOrientationLandscapeLeft UIInterfaceOrientationLandscapeRight";
				IPHONEOS_DEPLOYMENT_TARGET = 15.5;
				LD_RUNPATH_SEARCH_PATHS = (
					"$(inherited)",
					"@executable_path/Frameworks",
				);
				MARKETING_VERSION = 1.0;
				PRODUCT_BUNDLE_IDENTIFIER = "Abhirath.Text-Me";
				PRODUCT_NAME = "Text Me";
				SDKROOT = iphoneos;
				SWIFT_EMIT_LOC_STRINGS = YES;
				SWIFT_VERSION = 5.0;
				TARGETED_DEVICE_FAMILY = "1,2";
				VALIDATE_PRODUCT = YES;
			};
			name = Release;
		};
		5A8AFC4228725BB800A863C8 /* Debug */ = {
			isa = XCBuildConfiguration;
			buildSettings = {
				ASSETCATALOG_COMPILER_APPICON_NAME = AppIcon;
				ASSETCATALOG_COMPILER_GLOBAL_ACCENT_COLOR_NAME = AccentColor;
				CODE_SIGN_ENTITLEMENTS = macOS/macOS.entitlements;
				CODE_SIGN_STYLE = Automatic;
				COMBINE_HIDPI_IMAGES = YES;
				CURRENT_PROJECT_VERSION = 1;
				ENABLE_PREVIEWS = YES;
				GENERATE_INFOPLIST_FILE = YES;
				INFOPLIST_KEY_NSHumanReadableCopyright = "";
				LD_RUNPATH_SEARCH_PATHS = (
					"$(inherited)",
					"@executable_path/../Frameworks",
				);
				MACOSX_DEPLOYMENT_TARGET = 12.3;
				MARKETING_VERSION = 1.0;
				PRODUCT_BUNDLE_IDENTIFIER = "Abhirath.Text-Me";
				PRODUCT_NAME = "Text Me";
				SDKROOT = macosx;
				SWIFT_EMIT_LOC_STRINGS = YES;
				SWIFT_VERSION = 5.0;
			};
			name = Debug;
		};
		5A8AFC4328725BB800A863C8 /* Release */ = {
			isa = XCBuildConfiguration;
			buildSettings = {
				ASSETCATALOG_COMPILER_APPICON_NAME = AppIcon;
				ASSETCATALOG_COMPILER_GLOBAL_ACCENT_COLOR_NAME = AccentColor;
				CODE_SIGN_ENTITLEMENTS = macOS/macOS.entitlements;
				CODE_SIGN_STYLE = Automatic;
				COMBINE_HIDPI_IMAGES = YES;
				CURRENT_PROJECT_VERSION = 1;
				ENABLE_PREVIEWS = YES;
				GENERATE_INFOPLIST_FILE = YES;
				INFOPLIST_KEY_NSHumanReadableCopyright = "";
				LD_RUNPATH_SEARCH_PATHS = (
					"$(inherited)",
					"@executable_path/../Frameworks",
				);
				MACOSX_DEPLOYMENT_TARGET = 12.3;
				MARKETING_VERSION = 1.0;
				PRODUCT_BUNDLE_IDENTIFIER = "Abhirath.Text-Me";
				PRODUCT_NAME = "Text Me";
				SDKROOT = macosx;
				SWIFT_EMIT_LOC_STRINGS = YES;
				SWIFT_VERSION = 5.0;
			};
			name = Release;
		};
		5A8AFC4528725BB800A863C8 /* Debug */ = {
			isa = XCBuildConfiguration;
			buildSettings = {
				ALWAYS_EMBED_SWIFT_STANDARD_LIBRARIES = YES;
				CODE_SIGN_STYLE = Automatic;
				CURRENT_PROJECT_VERSION = 1;
				GENERATE_INFOPLIST_FILE = YES;
				IPHONEOS_DEPLOYMENT_TARGET = 15.5;
				MARKETING_VERSION = 1.0;
				PRODUCT_BUNDLE_IDENTIFIER = "Abhirath.Tests-iOS";
				PRODUCT_NAME = "$(TARGET_NAME)";
				SDKROOT = iphoneos;
				SWIFT_EMIT_LOC_STRINGS = NO;
				SWIFT_VERSION = 5.0;
				TARGETED_DEVICE_FAMILY = "1,2";
				TEST_TARGET_NAME = "Text Me (iOS)";
			};
			name = Debug;
		};
		5A8AFC4628725BB800A863C8 /* Release */ = {
			isa = XCBuildConfiguration;
			buildSettings = {
				ALWAYS_EMBED_SWIFT_STANDARD_LIBRARIES = YES;
				CODE_SIGN_STYLE = Automatic;
				CURRENT_PROJECT_VERSION = 1;
				GENERATE_INFOPLIST_FILE = YES;
				IPHONEOS_DEPLOYMENT_TARGET = 15.5;
				MARKETING_VERSION = 1.0;
				PRODUCT_BUNDLE_IDENTIFIER = "Abhirath.Tests-iOS";
				PRODUCT_NAME = "$(TARGET_NAME)";
				SDKROOT = iphoneos;
				SWIFT_EMIT_LOC_STRINGS = NO;
				SWIFT_VERSION = 5.0;
				TARGETED_DEVICE_FAMILY = "1,2";
				TEST_TARGET_NAME = "Text Me (iOS)";
				VALIDATE_PRODUCT = YES;
			};
			name = Release;
		};
		5A8AFC4828725BB800A863C8 /* Debug */ = {
			isa = XCBuildConfiguration;
			buildSettings = {
				ALWAYS_EMBED_SWIFT_STANDARD_LIBRARIES = YES;
				CODE_SIGN_STYLE = Automatic;
				CURRENT_PROJECT_VERSION = 1;
				GENERATE_INFOPLIST_FILE = YES;
				MACOSX_DEPLOYMENT_TARGET = 12.3;
				MARKETING_VERSION = 1.0;
				PRODUCT_BUNDLE_IDENTIFIER = "Abhirath.Tests-macOS";
				PRODUCT_NAME = "$(TARGET_NAME)";
				SDKROOT = macosx;
				SWIFT_EMIT_LOC_STRINGS = NO;
				SWIFT_VERSION = 5.0;
				TEST_TARGET_NAME = "Text Me (macOS)";
			};
			name = Debug;
		};
		5A8AFC4928725BB800A863C8 /* Release */ = {
			isa = XCBuildConfiguration;
			buildSettings = {
				ALWAYS_EMBED_SWIFT_STANDARD_LIBRARIES = YES;
				CODE_SIGN_STYLE = Automatic;
				CURRENT_PROJECT_VERSION = 1;
				GENERATE_INFOPLIST_FILE = YES;
				MACOSX_DEPLOYMENT_TARGET = 12.3;
				MARKETING_VERSION = 1.0;
				PRODUCT_BUNDLE_IDENTIFIER = "Abhirath.Tests-macOS";
				PRODUCT_NAME = "$(TARGET_NAME)";
				SDKROOT = macosx;
				SWIFT_EMIT_LOC_STRINGS = NO;
				SWIFT_VERSION = 5.0;
				TEST_TARGET_NAME = "Text Me (macOS)";
			};
			name = Release;
		};
/* End XCBuildConfiguration section */

/* Begin XCConfigurationList section */
		5A8AFC0528725BB400A863C8 /* Build configuration list for PBXProject "Text Me" */ = {
			isa = XCConfigurationList;
			buildConfigurations = (
				5A8AFC3C28725BB800A863C8 /* Debug */,
				5A8AFC3D28725BB800A863C8 /* Release */,
			);
			defaultConfigurationIsVisible = 0;
			defaultConfigurationName = Release;
		};
		5A8AFC3E28725BB800A863C8 /* Build configuration list for PBXNativeTarget "Text Me (iOS)" */ = {
			isa = XCConfigurationList;
			buildConfigurations = (
				5A8AFC3F28725BB800A863C8 /* Debug */,
				5A8AFC4028725BB800A863C8 /* Release */,
			);
			defaultConfigurationIsVisible = 0;
			defaultConfigurationName = Release;
		};
		5A8AFC4128725BB800A863C8 /* Build configuration list for PBXNativeTarget "Text Me (macOS)" */ = {
			isa = XCConfigurationList;
			buildConfigurations = (
				5A8AFC4228725BB800A863C8 /* Debug */,
				5A8AFC4328725BB800A863C8 /* Release */,
			);
			defaultConfigurationIsVisible = 0;
			defaultConfigurationName = Release;
		};
		5A8AFC4428725BB800A863C8 /* Build configuration list for PBXNativeTarget "Tests iOS" */ = {
			isa = XCConfigurationList;
			buildConfigurations = (
				5A8AFC4528725BB800A863C8 /* Debug */,
				5A8AFC4628725BB800A863C8 /* Release */,
			);
			defaultConfigurationIsVisible = 0;
			defaultConfigurationName = Release;
		};
		5A8AFC4728725BB800A863C8 /* Build configuration list for PBXNativeTarget "Tests macOS" */ = {
			isa = XCConfigurationList;
			buildConfigurations = (
				5A8AFC4828725BB800A863C8 /* Debug */,
				5A8AFC4928725BB800A863C8 /* Release */,
			);
			defaultConfigurationIsVisible = 0;
			defaultConfigurationName = Release;
		};
/* End XCConfigurationList section */

/* Begin XCVersionGroup section */
		5A8AFC0728725BB400A863C8 /* Text_Me.xcdatamodeld */ = {
			isa = XCVersionGroup;
			children = (
				5A8AFC0828725BB400A863C8 /* Shared.xcdatamodel */,
			);
			currentVersion = 5A8AFC0828725BB400A863C8 /* Shared.xcdatamodel */;
			path = Text_Me.xcdatamodeld;
			sourceTree = "<group>";
			versionGroupType = wrapper.xcdatamodel;
		};
/* End XCVersionGroup section */
	};
	rootObject = 5A8AFC0228725BB400A863C8 /* Project object */;
}
